
Microsoft Visual Studio Solution File, Format Version 12.00
# Visual Studio Version 16
VisualStudioVersion = 16.0.32630.194
MinimumVisualStudioVersion = 10.0.40219.1
Project("{9A19103F-16F7-4668-BE54-9A1E7A4F7556}") = "ms_process", "ms_process.csproj", "{6FFA234C-DF06-4417-A508-313F3966A38E}"
EndProject
Global
	GlobalSection(SolutionConfigurationPlatforms) = preSolution
		Debug|Any CPU = Debug|Any CPU
		Debug|x64 = Debug|x64
		Release|Any CPU = Release|Any CPU
		Release|x64 = Release|x64
	EndGlobalSection
	GlobalSection(ProjectConfigurationPlatforms) = postSolution
		{6FFA234C-DF06-4417-A508-313F3966A38E}.Debug|Any CPU.ActiveCfg = Debug|Any CPU
		{6FFA234C-DF06-4417-A508-313F3966A38E}.Debug|Any CPU.Build.0 = Debug|Any CPU
		{6FFA234C-DF06-4417-A508-313F3966A38E}.Debug|x64.ActiveCfg = Debug|x64
		{6FFA234C-DF06-4417-A508-313F3966A38E}.Debug|x64.Build.0 = Debug|x64
		{6FFA234C-DF06-4417-A508-313F3966A38E}.Release|Any CPU.ActiveCfg = Release|Any CPU
		{6FFA234C-DF06-4417-A508-313F3966A38E}.Release|Any CPU.Build.0 = Release|Any CPU
		{6FFA234C-DF06-4417-A508-313F3966A38E}.Release|x64.ActiveCfg = Release|x64
		{6FFA234C-DF06-4417-A508-313F3966A38E}.Release|x64.Build.0 = Release|x64
	EndGlobalSection
	GlobalSection(SolutionProperties) = preSolution
		HideSolutionNode = FALSE
	EndGlobalSection
	GlobalSection(ExtensibilityGlobals) = postSolution
		SolutionGuid = {B26AAD06-F429-4450-88FE-997A7FD272A1}
	EndGlobalSection
EndGlobal
